// !$*UTF8*$!
{
	archiveVersion = 1;
	classes = {
	};
	objectVersion = 46;
	objects = {
/* Begin PBXBuildFile section */
		0207DA581B56EA530066E2B4 /* Images.xcassets in Resources */ = {isa = PBXBuildFile; fileRef = 0207DA571B56EA530066E2B4 /* Images.xcassets */; };
		1D3623260D0F684500981E51 /* AppDelegate.m in Sources */ = {isa = PBXBuildFile; fileRef = 1D3623250D0F684500981E51 /* AppDelegate.m */; };
		1D60589B0D05DD56006BFB54 /* main.m in Sources */ = {isa = PBXBuildFile; fileRef = 29B97316FDCFA39411CA2CEA /* main.m */; };
		301BF552109A68D80062928A /* libCordova.a in Frameworks */ = {isa = PBXBuildFile; fileRef = 301BF535109A57CC0062928A /* libCordova.a */; };
		302D95F114D2391D003F00A1 /* MainViewController.m in Sources */ = {isa = PBXBuildFile; fileRef = 302D95EF14D2391D003F00A1 /* MainViewController.m */; };
		302D95F214D2391D003F00A1 /* MainViewController.xib in Resources */ = {isa = PBXBuildFile; fileRef = 302D95F014D2391D003F00A1 /* MainViewController.xib */; };
		3047A5121AB8059700498E2A /* build-debug.xcconfig in Resources */ = {isa = PBXBuildFile; fileRef = 3047A50F1AB8059700498E2A /* build-debug.xcconfig */; };
		3047A5131AB8059700498E2A /* build-release.xcconfig in Resources */ = {isa = PBXBuildFile; fileRef = 3047A5101AB8059700498E2A /* build-release.xcconfig */; };
		3047A5141AB8059700498E2A /* build.xcconfig in Resources */ = {isa = PBXBuildFile; fileRef = 3047A5111AB8059700498E2A /* build.xcconfig */; };
		940CBC9962A847558F0FAA3B /* CDVBattery.m in Sources */ = {isa = PBXBuildFile; fileRef = B3AA2F16BD0842E09FD549A2 /* CDVBattery.m */; };
		DF8E8C952EEF44A2A9AA696D /* UIImage+CropScaleOrientation.m in Sources */ = {isa = PBXBuildFile; fileRef = 0059A2BE5CC54D8EAE5DCD09 /* UIImage+CropScaleOrientation.m */; };
		92AD2EA83F784014A80FBFA1 /* CDVCamera.m in Sources */ = {isa = PBXBuildFile; fileRef = D51D9056D7F046F58FA152B7 /* CDVCamera.m */; };
		B4D84B02D37D4805A28B4E49 /* CDVJpegHeaderWriter.m in Sources */ = {isa = PBXBuildFile; fileRef = F3340C33E0534138BCE3D270 /* CDVJpegHeaderWriter.m */; };
		DEB63D0410DE4A86988BFCBA /* ImageIO.framework in Frameworks */ = {isa = PBXBuildFile; fileRef = 84BFA7BF79A740AC98AFF55B /* ImageIO.framework */; settings = {ATTRIBUTES = (Weak, ); }; };
		3481E9C42F5444A2A7217F56 /* CoreLocation.framework in Frameworks */ = {isa = PBXBuildFile; fileRef = 028E1F6226684359BD5BBEA4 /* CoreLocation.framework */; };
		800FDB04B3824A228C163B69 /* AVFoundation.framework in Frameworks */ = {isa = PBXBuildFile; fileRef = DF125EFC74AB4B53A9D05942 /* AVFoundation.framework */; };
		2E6A24073D3546418E96F669 /* CDVLogger.m in Sources */ = {isa = PBXBuildFile; fileRef = 397B87C6FF814C58A3E254E5 /* CDVLogger.m */; };
		7C6ED3ED179940BF96CCF127 /* CDVContacts.m in Sources */ = {isa = PBXBuildFile; fileRef = 88BAB5D7051D4531B92A4C1D /* CDVContacts.m */; };
		453465037DA9435CBF62F4B5 /* CDVContact.m in Sources */ = {isa = PBXBuildFile; fileRef = 7E101D79551F46DDB301511B /* CDVContact.m */; };
		C4A6F6C73AF04B9682954044 /* AddressBook.framework in Frameworks */ = {isa = PBXBuildFile; fileRef = 861CAD48C7FD427CA7DA2AF6 /* AddressBook.framework */; settings = {ATTRIBUTES = (Weak, ); }; };
		AAE3EB3869DB498DA8030FF2 /* AddressBookUI.framework in Frameworks */ = {isa = PBXBuildFile; fileRef = 70B7104C176B4C51965268E3 /* AddressBookUI.framework */; settings = {ATTRIBUTES = (Weak, ); }; };
		1435B53A67F546CAB73EDD90 /* CDVDevice.m in Sources */ = {isa = PBXBuildFile; fileRef = 2EB379A53C80477FBD647993 /* CDVDevice.m */; };
		E15FBD5B8F5743ACBABBB6CE /* CDVAccelerometer.m in Sources */ = {isa = PBXBuildFile; fileRef = 9824D8803A9D4DCC87C59281 /* CDVAccelerometer.m */; };
		299B8E56559344C6AEC78EBD /* CoreMotion.framework in Frameworks */ = {isa = PBXBuildFile; fileRef = 1C8DF47CC0794D9DA3AD6617 /* CoreMotion.framework */; };
		A5865808D3A440DA8512F376 /* CDVCompass.m in Sources */ = {isa = PBXBuildFile; fileRef = 322A6A61B4134D4FBFEBCA96 /* CDVCompass.m */; };
		25428DFDBBF5453B91A1C447 /* CDVNotification.m in Sources */ = {isa = PBXBuildFile; fileRef = D1EEFD8A009D4A6EB6657428 /* CDVNotification.m */; };
		9168A51810054FD8AA92B15A /* CDVNotification.bundle in Resources */ = {isa = PBXBuildFile; fileRef = 0F7502F135194BE4B8469595 /* CDVNotification.bundle */; };
		5629170D11744A38AD25D593 /* AudioToolbox.framework in Frameworks */ = {isa = PBXBuildFile; fileRef = 2A1623528783443AA6F86ECC /* AudioToolbox.framework */; settings = {ATTRIBUTES = (Weak, ); }; };
		A26453F51B284CDC9BC12166 /* CDVFile.m in Sources */ = {isa = PBXBuildFile; fileRef = 2195CFAFF3A943099F2BAE6D /* CDVFile.m */; };
		6E886766BB504BBAAE199F9F /* CDVLocalFilesystem.m in Sources */ = {isa = PBXBuildFile; fileRef = 68D7616B7D9D4D99A4A8FB9E /* CDVLocalFilesystem.m */; };
		7A7B23C107BA4C62AD863B1A /* CDVAssetLibraryFilesystem.m in Sources */ = {isa = PBXBuildFile; fileRef = 90A2BCACBF2F41169C4CDFC5 /* CDVAssetLibraryFilesystem.m */; };
		92A97407D2C7415389672B5A /* CDVFileTransfer.m in Sources */ = {isa = PBXBuildFile; fileRef = C10BA1B5C450416D81E41FFB /* CDVFileTransfer.m */; };
		302EE1405072456F82FAE282 /* CDVLocation.m in Sources */ = {isa = PBXBuildFile; fileRef = 381BE20496904B429D4A7F8F /* CDVLocation.m */; };
		1271F51B89454C3EA4C892ED /* CDVGlobalization.m in Sources */ = {isa = PBXBuildFile; fileRef = 3B007A5B005B466F895B4A9D /* CDVGlobalization.m */; };
		CD6333123325405586564493 /* CDVInAppBrowser.m in Sources */ = {isa = PBXBuildFile; fileRef = ACF11DA8F91F4C65B72BEB67 /* CDVInAppBrowser.m */; };
		89E2E2778A114B3D9C832762 /* CDVSound.m in Sources */ = {isa = PBXBuildFile; fileRef = 2CF1FA62745F4AB29EEF0D70 /* CDVSound.m */; };
		F3CA0D2FFD2B47669F140286 /* CDVCapture.m in Sources */ = {isa = PBXBuildFile; fileRef = 6CD59FC56D7143D0806B2245 /* CDVCapture.m */; };
		3E17827B7F50491581874442 /* CDVCapture.bundle in Resources */ = {isa = PBXBuildFile; fileRef = 7FF813DAC9A84CF18E9B22C8 /* CDVCapture.bundle */; };
		67B590357ECE40E8B8FF8A48 /* CDVConnection.m in Sources */ = {isa = PBXBuildFile; fileRef = 7907DBAE7FD24D7C8306F1A2 /* CDVConnection.m */; };
		B53F80EBC3634FC99486EB15 /* CDVReachability.m in Sources */ = {isa = PBXBuildFile; fileRef = 8D19AF38E6C848A7A805AE4B /* CDVReachability.m */; };
		62E674E8C718452AAA066AB5 /* SystemConfiguration.framework in Frameworks */ = {isa = PBXBuildFile; fileRef = EAAA207DC3D94936816FD9EE /* SystemConfiguration.framework */; settings = {ATTRIBUTES = (Weak, ); }; };
		AFA45FD747C44F388D72D3A9 /* CoreTelephony.framework in Frameworks */ = {isa = PBXBuildFile; fileRef = 9CFAE665BFA741A7BDD3E5B6 /* CoreTelephony.framework */; };
		459A8C7B2D9E4FCC9837E185 /* CDVSplashScreen.m in Sources */ = {isa = PBXBuildFile; fileRef = 07FFEA188C7A477F91862344 /* CDVSplashScreen.m */; };
		7F1432B5D1D44E0F87168A47 /* CDVViewController+SplashScreen.m in Sources */ = {isa = PBXBuildFile; fileRef = C8458D65BC4A4BFFB4C7095E /* CDVViewController+SplashScreen.m */; };
		F6D4561B246C4329B24D84D7 /* CDVStatusBar.m in Sources */ = {isa = PBXBuildFile; fileRef = 35B9B466E2994D8B90EE911A /* CDVStatusBar.m */; };
		C22CD4171F104158959D1BC4 /* CDVVibration.m in Sources */ = {isa = PBXBuildFile; fileRef = A12C459AE5ED4A07B91CB80D /* CDVVibration.m */; };
		10D61AD1DDC5494393EC6E4A /* CDVBarcodeScanner.mm in Resources */ = {isa = PBXBuildFile; fileRef = ECD0BA58E5024C1D9692A574 /* CDVBarcodeScanner.mm */; settings = {COMPILER_FLAGS = "-fno-objc-arc"; }; };
		7FCDEE392101437DA684854D /* zxing-all-in-one.cpp in Resources */ = {isa = PBXBuildFile; fileRef = D4333652CAB2469DB9AA0BFD /* zxing-all-in-one.cpp */; };
		5CB80445F4D947CC8837F722 /* scannerOverlay.xib in Resources */ = {isa = PBXBuildFile; fileRef = CF981D2E875544D692961C59 /* scannerOverlay.xib */; };
		7B2A4CDB7C2F48C2B593BD3C /* CDVBarcodeScanner.bundle in Resources */ = {isa = PBXBuildFile; fileRef = F7B120B96E9741248255D5EB /* CDVBarcodeScanner.bundle */; };
		5DD80DF9DDE046B7B8E7227C /* libiconv.dylib in Frameworks */ = {isa = PBXBuildFile; fileRef = 93CF37C28B8F4EA7BA566ED0 /* libiconv.dylib */; };
		E59B92120EFC46A0801FDD3C /* CoreVideo.framework in Frameworks */ = {isa = PBXBuildFile; fileRef = 60955225967B4789ACEF55BA /* CoreVideo.framework */; };
		F7BA0EA18B5A42AFA0F452A3 /* QuartzCore.framework in Frameworks */ = {isa = PBXBuildFile; fileRef = 5B7999D9C3A44AA8ABD5E30F /* QuartzCore.framework */; };
		D9AF0E644A7D44E28EA4A105 /* CoreImage.framework in Frameworks */ = {isa = PBXBuildFile; fileRef = FCCF358EE1CF4960B4852095 /* CoreImage.framework */; };
/* End PBXBuildFile section */

/* Begin PBXContainerItemProxy section */
		301BF534109A57CC0062928A /* PBXContainerItemProxy */ = {
			isa = PBXContainerItemProxy;
			containerPortal = 301BF52D109A57CC0062928A /* CordovaLib.xcodeproj */;
			proxyType = 2;
			remoteGlobalIDString = D2AAC07E0554694100DB518D;
			remoteInfo = CordovaLib;
		};
		301BF550109A68C00062928A /* PBXContainerItemProxy */ = {
			isa = PBXContainerItemProxy;
			containerPortal = 301BF52D109A57CC0062928A /* CordovaLib.xcodeproj */;
			proxyType = 1;
			remoteGlobalIDString = D2AAC07D0554694100DB518D;
			remoteInfo = CordovaLib;
		};
/* End PBXContainerItemProxy section */

/* Begin PBXFileReference section */
		0207DA571B56EA530066E2B4 /* Images.xcassets */ = {isa = PBXFileReference; lastKnownFileType = folder.assetcatalog; name = Images.xcassets; path = "BotVest/Images.xcassets"; sourceTree = SOURCE_ROOT; };
		1D3623240D0F684500981E51 /* AppDelegate.h */ = {isa = PBXFileReference; fileEncoding = 4; lastKnownFileType = sourcecode.c.h; path = AppDelegate.h; sourceTree = "<group>"; };
		1D3623250D0F684500981E51 /* AppDelegate.m */ = {isa = PBXFileReference; fileEncoding = 4; lastKnownFileType = sourcecode.c.objc; path = AppDelegate.m; sourceTree = "<group>"; };
		1D6058910D05DD3D006BFB54 /* BotVest.app */ = {isa = PBXFileReference; explicitFileType = wrapper.application; includeInIndex = 0; path = "BotVest.app"; sourceTree = BUILT_PRODUCTS_DIR; };
		29B97316FDCFA39411CA2CEA /* main.m */ = {isa = PBXFileReference; fileEncoding = 4; lastKnownFileType = sourcecode.c.objc; path = main.m; sourceTree = "<group>"; };
		301BF52D109A57CC0062928A /* CordovaLib.xcodeproj */ = {isa = PBXFileReference; lastKnownFileType = "wrapper.pb-project"; name = CordovaLib.xcodeproj; path = CordovaLib/CordovaLib.xcodeproj; sourceTree = "<group>"; };
		301BF56E109A69640062928A /* www */ = {isa = PBXFileReference; lastKnownFileType = folder; path = www; sourceTree = SOURCE_ROOT; };
		302D95EE14D2391D003F00A1 /* MainViewController.h */ = {isa = PBXFileReference; fileEncoding = 4; lastKnownFileType = sourcecode.c.h; path = MainViewController.h; sourceTree = "<group>"; };
		302D95EF14D2391D003F00A1 /* MainViewController.m */ = {isa = PBXFileReference; fileEncoding = 4; lastKnownFileType = sourcecode.c.objc; path = MainViewController.m; sourceTree = "<group>"; };
		302D95F014D2391D003F00A1 /* MainViewController.xib */ = {isa = PBXFileReference; fileEncoding = 4; lastKnownFileType = file.xib; path = MainViewController.xib; sourceTree = "<group>"; };
		3047A50F1AB8059700498E2A /* build-debug.xcconfig */ = {isa = PBXFileReference; fileEncoding = 4; lastKnownFileType = text.xcconfig; name = "build-debug.xcconfig"; path = cordova/build-debug.xcconfig; sourceTree = SOURCE_ROOT; };
		3047A5101AB8059700498E2A /* build-release.xcconfig */ = {isa = PBXFileReference; fileEncoding = 4; lastKnownFileType = text.xcconfig; name = "build-release.xcconfig"; path = cordova/build-release.xcconfig; sourceTree = SOURCE_ROOT; };
		3047A5111AB8059700498E2A /* build.xcconfig */ = {isa = PBXFileReference; fileEncoding = 4; lastKnownFileType = text.xcconfig; name = build.xcconfig; path = cordova/build.xcconfig; sourceTree = SOURCE_ROOT; };
		32CA4F630368D1EE00C91783 /* BotVest-Prefix.pch */ = {isa = PBXFileReference; fileEncoding = 4; lastKnownFileType = sourcecode.c.h; path = "BotVest-Prefix.pch"; sourceTree = "<group>"; };
		8D1107310486CEB800E47090 /* BotVest-Info.plist */ = {isa = PBXFileReference; fileEncoding = 4; lastKnownFileType = text.plist.xml; name = "BotVest-Info.plist"; path = "BotVest/BotVest-Info.plist"; plistStructureDefinitionIdentifier = "com.apple.xcode.plist.structure-definition.iphone.info-plist"; sourceTree = SOURCE_ROOT; };
		EB87FDF31871DA8E0020F90C /* www */ = {isa = PBXFileReference; lastKnownFileType = folder; name = www; path = ../../www; sourceTree = "<group>"; };
		EB87FDF41871DAF40020F90C /* config.xml */ = {isa = PBXFileReference; lastKnownFileType = text.xml; name = config.xml; path = ../../config.xml; sourceTree = "<group>"; };
		F840E1F0165FE0F500CFE078 /* config.xml */ = {isa = PBXFileReference; lastKnownFileType = text.xml; name = config.xml; path = "BotVest/config.xml"; sourceTree = "<group>"; };
		ED33DF2A687741AEAF9F8254 /* Bridging-Header.h */ = {isa = PBXFileReference; fileEncoding = 4; lastKnownFileType = sourcecode.c.h; name = "Bridging-Header.h"; path = "Bridging-Header.h"; sourceTree = "<group>"; };
		B3AA2F16BD0842E09FD549A2 /* CDVBattery.m */ = {isa = PBXFileReference; name = "CDVBattery.m"; path = "cordova-plugin-battery-status/CDVBattery.m"; sourceTree = "<group>"; fileEncoding = 4; lastKnownFileType = sourcecode.c.objc; explicitFileType = undefined; includeInIndex = 0; };
		3EB7BF7C417348DDB17B261D /* CDVBattery.h */ = {isa = PBXFileReference; name = "CDVBattery.h"; path = "cordova-plugin-battery-status/CDVBattery.h"; sourceTree = "<group>"; fileEncoding = 4; lastKnownFileType = sourcecode.c.h; explicitFileType = undefined; includeInIndex = 0; };
		0059A2BE5CC54D8EAE5DCD09 /* UIImage+CropScaleOrientation.m */ = {isa = PBXFileReference; name = "UIImage+CropScaleOrientation.m"; path = "cordova-plugin-camera/UIImage+CropScaleOrientation.m"; sourceTree = "<group>"; fileEncoding = 4; lastKnownFileType = sourcecode.c.objc; explicitFileType = undefined; includeInIndex = 0; };
		D51D9056D7F046F58FA152B7 /* CDVCamera.m */ = {isa = PBXFileReference; name = "CDVCamera.m"; path = "cordova-plugin-camera/CDVCamera.m"; sourceTree = "<group>"; fileEncoding = 4; lastKnownFileType = sourcecode.c.objc; explicitFileType = undefined; includeInIndex = 0; };
		F3340C33E0534138BCE3D270 /* CDVJpegHeaderWriter.m */ = {isa = PBXFileReference; name = "CDVJpegHeaderWriter.m"; path = "cordova-plugin-camera/CDVJpegHeaderWriter.m"; sourceTree = "<group>"; fileEncoding = 4; lastKnownFileType = sourcecode.c.objc; explicitFileType = undefined; includeInIndex = 0; };
		B91F8699112F4B36B87761C3 /* UIImage+CropScaleOrientation.h */ = {isa = PBXFileReference; name = "UIImage+CropScaleOrientation.h"; path = "cordova-plugin-camera/UIImage+CropScaleOrientation.h"; sourceTree = "<group>"; fileEncoding = 4; lastKnownFileType = sourcecode.c.h; explicitFileType = undefined; includeInIndex = 0; };
		CEAC353F6A0C4BB485ABFC31 /* CDVCamera.h */ = {isa = PBXFileReference; name = "CDVCamera.h"; path = "cordova-plugin-camera/CDVCamera.h"; sourceTree = "<group>"; fileEncoding = 4; lastKnownFileType = sourcecode.c.h; explicitFileType = undefined; includeInIndex = 0; };
		1F2A78828D0A4B3F9C4370E1 /* CDVJpegHeaderWriter.h */ = {isa = PBXFileReference; name = "CDVJpegHeaderWriter.h"; path = "cordova-plugin-camera/CDVJpegHeaderWriter.h"; sourceTree = "<group>"; fileEncoding = 4; lastKnownFileType = sourcecode.c.h; explicitFileType = undefined; includeInIndex = 0; };
		CC1C626595344D2DB277201C /* CDVExif.h */ = {isa = PBXFileReference; name = "CDVExif.h"; path = "cordova-plugin-camera/CDVExif.h"; sourceTree = "<group>"; fileEncoding = 4; lastKnownFileType = sourcecode.c.h; explicitFileType = undefined; includeInIndex = 0; };
		84BFA7BF79A740AC98AFF55B /* ImageIO.framework */ = {isa = PBXFileReference; name = "ImageIO.framework"; path = "System/Library/Frameworks/ImageIO.framework"; sourceTree = SDKROOT; fileEncoding = undefined; lastKnownFileType = wrapper.framework; explicitFileType = undefined; includeInIndex = 0; };
		028E1F6226684359BD5BBEA4 /* CoreLocation.framework */ = {isa = PBXFileReference; name = "CoreLocation.framework"; path = "System/Library/Frameworks/CoreLocation.framework"; sourceTree = SDKROOT; fileEncoding = undefined; lastKnownFileType = wrapper.framework; explicitFileType = undefined; includeInIndex = 0; };
		DF125EFC74AB4B53A9D05942 /* AVFoundation.framework */ = {isa = PBXFileReference; name = "AVFoundation.framework"; path = "System/Library/Frameworks/AVFoundation.framework"; sourceTree = SDKROOT; fileEncoding = undefined; lastKnownFileType = wrapper.framework; explicitFileType = undefined; includeInIndex = 0; };
		397B87C6FF814C58A3E254E5 /* CDVLogger.m */ = {isa = PBXFileReference; name = "CDVLogger.m"; path = "cordova-plugin-console/CDVLogger.m"; sourceTree = "<group>"; fileEncoding = 4; lastKnownFileType = sourcecode.c.objc; explicitFileType = undefined; includeInIndex = 0; };
		CD6A7B36AF084748B3DCB157 /* CDVLogger.h */ = {isa = PBXFileReference; name = "CDVLogger.h"; path = "cordova-plugin-console/CDVLogger.h"; sourceTree = "<group>"; fileEncoding = 4; lastKnownFileType = sourcecode.c.h; explicitFileType = undefined; includeInIndex = 0; };
		88BAB5D7051D4531B92A4C1D /* CDVContacts.m */ = {isa = PBXFileReference; name = "CDVContacts.m"; path = "cordova-plugin-contacts/CDVContacts.m"; sourceTree = "<group>"; fileEncoding = 4; lastKnownFileType = sourcecode.c.objc; explicitFileType = undefined; includeInIndex = 0; };
		7E101D79551F46DDB301511B /* CDVContact.m */ = {isa = PBXFileReference; name = "CDVContact.m"; path = "cordova-plugin-contacts/CDVContact.m"; sourceTree = "<group>"; fileEncoding = 4; lastKnownFileType = sourcecode.c.objc; explicitFileType = undefined; includeInIndex = 0; };
		390C48A513FF49B2B1889824 /* CDVContacts.h */ = {isa = PBXFileReference; name = "CDVContacts.h"; path = "cordova-plugin-contacts/CDVContacts.h"; sourceTree = "<group>"; fileEncoding = 4; lastKnownFileType = sourcecode.c.h; explicitFileType = undefined; includeInIndex = 0; };
		3A2198D4B5EF4B8EADD286B1 /* CDVContact.h */ = {isa = PBXFileReference; name = "CDVContact.h"; path = "cordova-plugin-contacts/CDVContact.h"; sourceTree = "<group>"; fileEncoding = 4; lastKnownFileType = sourcecode.c.h; explicitFileType = undefined; includeInIndex = 0; };
		861CAD48C7FD427CA7DA2AF6 /* AddressBook.framework */ = {isa = PBXFileReference; name = "AddressBook.framework"; path = "System/Library/Frameworks/AddressBook.framework"; sourceTree = SDKROOT; fileEncoding = undefined; lastKnownFileType = wrapper.framework; explicitFileType = undefined; includeInIndex = 0; };
		70B7104C176B4C51965268E3 /* AddressBookUI.framework */ = {isa = PBXFileReference; name = "AddressBookUI.framework"; path = "System/Library/Frameworks/AddressBookUI.framework"; sourceTree = SDKROOT; fileEncoding = undefined; lastKnownFileType = wrapper.framework; explicitFileType = undefined; includeInIndex = 0; };
		2EB379A53C80477FBD647993 /* CDVDevice.m */ = {isa = PBXFileReference; name = "CDVDevice.m"; path = "cordova-plugin-device/CDVDevice.m"; sourceTree = "<group>"; fileEncoding = 4; lastKnownFileType = sourcecode.c.objc; explicitFileType = undefined; includeInIndex = 0; };
		6FF6C4AD6ED34AEE83D934C1 /* CDVDevice.h */ = {isa = PBXFileReference; name = "CDVDevice.h"; path = "cordova-plugin-device/CDVDevice.h"; sourceTree = "<group>"; fileEncoding = 4; lastKnownFileType = sourcecode.c.h; explicitFileType = undefined; includeInIndex = 0; };
		9824D8803A9D4DCC87C59281 /* CDVAccelerometer.m */ = {isa = PBXFileReference; name = "CDVAccelerometer.m"; path = "cordova-plugin-device-motion/CDVAccelerometer.m"; sourceTree = "<group>"; fileEncoding = 4; lastKnownFileType = sourcecode.c.objc; explicitFileType = undefined; includeInIndex = 0; };
		6938C77772A24FC298AC6512 /* CDVAccelerometer.h */ = {isa = PBXFileReference; name = "CDVAccelerometer.h"; path = "cordova-plugin-device-motion/CDVAccelerometer.h"; sourceTree = "<group>"; fileEncoding = 4; lastKnownFileType = sourcecode.c.h; explicitFileType = undefined; includeInIndex = 0; };
		1C8DF47CC0794D9DA3AD6617 /* CoreMotion.framework */ = {isa = PBXFileReference; name = "CoreMotion.framework"; path = "System/Library/Frameworks/CoreMotion.framework"; sourceTree = SDKROOT; fileEncoding = undefined; lastKnownFileType = wrapper.framework; explicitFileType = undefined; includeInIndex = 0; };
		322A6A61B4134D4FBFEBCA96 /* CDVCompass.m */ = {isa = PBXFileReference; name = "CDVCompass.m"; path = "cordova-plugin-device-orientation/CDVCompass.m"; sourceTree = "<group>"; fileEncoding = 4; lastKnownFileType = sourcecode.c.objc; explicitFileType = undefined; includeInIndex = 0; };
		7C2DE1251EA148DAA94AEF5E /* CDVCompass.h */ = {isa = PBXFileReference; name = "CDVCompass.h"; path = "cordova-plugin-device-orientation/CDVCompass.h"; sourceTree = "<group>"; fileEncoding = 4; lastKnownFileType = sourcecode.c.h; explicitFileType = undefined; includeInIndex = 0; };
		D1EEFD8A009D4A6EB6657428 /* CDVNotification.m */ = {isa = PBXFileReference; name = "CDVNotification.m"; path = "cordova-plugin-dialogs/CDVNotification.m"; sourceTree = "<group>"; fileEncoding = 4; lastKnownFileType = sourcecode.c.objc; explicitFileType = undefined; includeInIndex = 0; };
		F2AA76B274CF4C85A5C1825B /* CDVNotification.h */ = {isa = PBXFileReference; name = "CDVNotification.h"; path = "cordova-plugin-dialogs/CDVNotification.h"; sourceTree = "<group>"; fileEncoding = 4; lastKnownFileType = sourcecode.c.h; explicitFileType = undefined; includeInIndex = 0; };
		0F7502F135194BE4B8469595 /* CDVNotification.bundle */ = {isa = PBXFileReference; name = "CDVNotification.bundle"; path = "CDVNotification.bundle"; sourceTree = "<group>"; fileEncoding = undefined; lastKnownFileType = wrapper.plug-in; explicitFileType = undefined; includeInIndex = 0; };
		2A1623528783443AA6F86ECC /* AudioToolbox.framework */ = {isa = PBXFileReference; name = "AudioToolbox.framework"; path = "System/Library/Frameworks/AudioToolbox.framework"; sourceTree = SDKROOT; fileEncoding = undefined; lastKnownFileType = wrapper.framework; explicitFileType = undefined; includeInIndex = 0; };
		2195CFAFF3A943099F2BAE6D /* CDVFile.m */ = {isa = PBXFileReference; name = "CDVFile.m"; path = "cordova-plugin-file/CDVFile.m"; sourceTree = "<group>"; fileEncoding = 4; lastKnownFileType = sourcecode.c.objc; explicitFileType = undefined; includeInIndex = 0; };
		68D7616B7D9D4D99A4A8FB9E /* CDVLocalFilesystem.m */ = {isa = PBXFileReference; name = "CDVLocalFilesystem.m"; path = "cordova-plugin-file/CDVLocalFilesystem.m"; sourceTree = "<group>"; fileEncoding = 4; lastKnownFileType = sourcecode.c.objc; explicitFileType = undefined; includeInIndex = 0; };
		90A2BCACBF2F41169C4CDFC5 /* CDVAssetLibraryFilesystem.m */ = {isa = PBXFileReference; name = "CDVAssetLibraryFilesystem.m"; path = "cordova-plugin-file/CDVAssetLibraryFilesystem.m"; sourceTree = "<group>"; fileEncoding = 4; lastKnownFileType = sourcecode.c.objc; explicitFileType = undefined; includeInIndex = 0; };
		C209AF8BD29549828E560E32 /* CDVFile.h */ = {isa = PBXFileReference; name = "CDVFile.h"; path = "cordova-plugin-file/CDVFile.h"; sourceTree = "<group>"; fileEncoding = 4; lastKnownFileType = sourcecode.c.h; explicitFileType = undefined; includeInIndex = 0; };
		C4AA3F8CC2B9485BA2A31FAA /* CDVLocalFilesystem.h */ = {isa = PBXFileReference; name = "CDVLocalFilesystem.h"; path = "cordova-plugin-file/CDVLocalFilesystem.h"; sourceTree = "<group>"; fileEncoding = 4; lastKnownFileType = sourcecode.c.h; explicitFileType = undefined; includeInIndex = 0; };
		7D6166CFCBE04534A651376F /* CDVAssetLibraryFilesystem.h */ = {isa = PBXFileReference; name = "CDVAssetLibraryFilesystem.h"; path = "cordova-plugin-file/CDVAssetLibraryFilesystem.h"; sourceTree = "<group>"; fileEncoding = 4; lastKnownFileType = sourcecode.c.h; explicitFileType = undefined; includeInIndex = 0; };
		C10BA1B5C450416D81E41FFB /* CDVFileTransfer.m */ = {isa = PBXFileReference; name = "CDVFileTransfer.m"; path = "cordova-plugin-file-transfer/CDVFileTransfer.m"; sourceTree = "<group>"; fileEncoding = 4; lastKnownFileType = sourcecode.c.objc; explicitFileType = undefined; includeInIndex = 0; };
		F17E869E79454AC1A426E604 /* CDVFileTransfer.h */ = {isa = PBXFileReference; name = "CDVFileTransfer.h"; path = "cordova-plugin-file-transfer/CDVFileTransfer.h"; sourceTree = "<group>"; fileEncoding = 4; lastKnownFileType = sourcecode.c.h; explicitFileType = undefined; includeInIndex = 0; };
		381BE20496904B429D4A7F8F /* CDVLocation.m */ = {isa = PBXFileReference; name = "CDVLocation.m"; path = "cordova-plugin-geolocation/CDVLocation.m"; sourceTree = "<group>"; fileEncoding = 4; lastKnownFileType = sourcecode.c.objc; explicitFileType = undefined; includeInIndex = 0; };
		42D39CD5F1EC4E8C87B5BFD1 /* CDVLocation.h */ = {isa = PBXFileReference; name = "CDVLocation.h"; path = "cordova-plugin-geolocation/CDVLocation.h"; sourceTree = "<group>"; fileEncoding = 4; lastKnownFileType = sourcecode.c.h; explicitFileType = undefined; includeInIndex = 0; };
		3B007A5B005B466F895B4A9D /* CDVGlobalization.m */ = {isa = PBXFileReference; name = "CDVGlobalization.m"; path = "cordova-plugin-globalization/CDVGlobalization.m"; sourceTree = "<group>"; fileEncoding = 4; lastKnownFileType = sourcecode.c.objc; explicitFileType = undefined; includeInIndex = 0; };
		A0C654A183064E808CB6B936 /* CDVGlobalization.h */ = {isa = PBXFileReference; name = "CDVGlobalization.h"; path = "cordova-plugin-globalization/CDVGlobalization.h"; sourceTree = "<group>"; fileEncoding = 4; lastKnownFileType = sourcecode.c.h; explicitFileType = undefined; includeInIndex = 0; };
		ACF11DA8F91F4C65B72BEB67 /* CDVInAppBrowser.m */ = {isa = PBXFileReference; name = "CDVInAppBrowser.m"; path = "cordova-plugin-inappbrowser/CDVInAppBrowser.m"; sourceTree = "<group>"; fileEncoding = 4; lastKnownFileType = sourcecode.c.objc; explicitFileType = undefined; includeInIndex = 0; };
		A4B45C08A4084E9E82C01CBD /* CDVInAppBrowser.h */ = {isa = PBXFileReference; name = "CDVInAppBrowser.h"; path = "cordova-plugin-inappbrowser/CDVInAppBrowser.h"; sourceTree = "<group>"; fileEncoding = 4; lastKnownFileType = sourcecode.c.h; explicitFileType = undefined; includeInIndex = 0; };
		2CF1FA62745F4AB29EEF0D70 /* CDVSound.m */ = {isa = PBXFileReference; name = "CDVSound.m"; path = "cordova-plugin-media/CDVSound.m"; sourceTree = "<group>"; fileEncoding = 4; lastKnownFileType = sourcecode.c.objc; explicitFileType = undefined; includeInIndex = 0; };
		BDA6A41358294837A602ADBB /* CDVSound.h */ = {isa = PBXFileReference; name = "CDVSound.h"; path = "cordova-plugin-media/CDVSound.h"; sourceTree = "<group>"; fileEncoding = 4; lastKnownFileType = sourcecode.c.h; explicitFileType = undefined; includeInIndex = 0; };
		6CD59FC56D7143D0806B2245 /* CDVCapture.m */ = {isa = PBXFileReference; name = "CDVCapture.m"; path = "cordova-plugin-media-capture/CDVCapture.m"; sourceTree = "<group>"; fileEncoding = 4; lastKnownFileType = sourcecode.c.objc; explicitFileType = undefined; includeInIndex = 0; };
		66A3D75F63924228A915D1D7 /* CDVCapture.h */ = {isa = PBXFileReference; name = "CDVCapture.h"; path = "cordova-plugin-media-capture/CDVCapture.h"; sourceTree = "<group>"; fileEncoding = 4; lastKnownFileType = sourcecode.c.h; explicitFileType = undefined; includeInIndex = 0; };
		7FF813DAC9A84CF18E9B22C8 /* CDVCapture.bundle */ = {isa = PBXFileReference; name = "CDVCapture.bundle"; path = "CDVCapture.bundle"; sourceTree = "<group>"; fileEncoding = undefined; lastKnownFileType = wrapper.plug-in; explicitFileType = undefined; includeInIndex = 0; };
		7907DBAE7FD24D7C8306F1A2 /* CDVConnection.m */ = {isa = PBXFileReference; name = "CDVConnection.m"; path = "cordova-plugin-network-information/CDVConnection.m"; sourceTree = "<group>"; fileEncoding = 4; lastKnownFileType = sourcecode.c.objc; explicitFileType = undefined; includeInIndex = 0; };
		8D19AF38E6C848A7A805AE4B /* CDVReachability.m */ = {isa = PBXFileReference; name = "CDVReachability.m"; path = "cordova-plugin-network-information/CDVReachability.m"; sourceTree = "<group>"; fileEncoding = 4; lastKnownFileType = sourcecode.c.objc; explicitFileType = undefined; includeInIndex = 0; };
		6049FA040312468CADA4F571 /* CDVConnection.h */ = {isa = PBXFileReference; name = "CDVConnection.h"; path = "cordova-plugin-network-information/CDVConnection.h"; sourceTree = "<group>"; fileEncoding = 4; lastKnownFileType = sourcecode.c.h; explicitFileType = undefined; includeInIndex = 0; };
		2717F5DEDCCA459382291A45 /* CDVReachability.h */ = {isa = PBXFileReference; name = "CDVReachability.h"; path = "cordova-plugin-network-information/CDVReachability.h"; sourceTree = "<group>"; fileEncoding = 4; lastKnownFileType = sourcecode.c.h; explicitFileType = undefined; includeInIndex = 0; };
		EAAA207DC3D94936816FD9EE /* SystemConfiguration.framework */ = {isa = PBXFileReference; name = "SystemConfiguration.framework"; path = "System/Library/Frameworks/SystemConfiguration.framework"; sourceTree = SDKROOT; fileEncoding = undefined; lastKnownFileType = wrapper.framework; explicitFileType = undefined; includeInIndex = 0; };
		9CFAE665BFA741A7BDD3E5B6 /* CoreTelephony.framework */ = {isa = PBXFileReference; name = "CoreTelephony.framework"; path = "System/Library/Frameworks/CoreTelephony.framework"; sourceTree = SDKROOT; fileEncoding = undefined; lastKnownFileType = wrapper.framework; explicitFileType = undefined; includeInIndex = 0; };
		07FFEA188C7A477F91862344 /* CDVSplashScreen.m */ = {isa = PBXFileReference; name = "CDVSplashScreen.m"; path = "cordova-plugin-splashscreen/CDVSplashScreen.m"; sourceTree = "<group>"; fileEncoding = 4; lastKnownFileType = sourcecode.c.objc; explicitFileType = undefined; includeInIndex = 0; };
		C8458D65BC4A4BFFB4C7095E /* CDVViewController+SplashScreen.m */ = {isa = PBXFileReference; name = "CDVViewController+SplashScreen.m"; path = "cordova-plugin-splashscreen/CDVViewController+SplashScreen.m"; sourceTree = "<group>"; fileEncoding = 4; lastKnownFileType = sourcecode.c.objc; explicitFileType = undefined; includeInIndex = 0; };
		5735C950283B4DDE9395AB2A /* CDVSplashScreen.h */ = {isa = PBXFileReference; name = "CDVSplashScreen.h"; path = "cordova-plugin-splashscreen/CDVSplashScreen.h"; sourceTree = "<group>"; fileEncoding = 4; lastKnownFileType = sourcecode.c.h; explicitFileType = undefined; includeInIndex = 0; };
		630283ADC8A74FE8B91BB5C7 /* CDVViewController+SplashScreen.h */ = {isa = PBXFileReference; name = "CDVViewController+SplashScreen.h"; path = "cordova-plugin-splashscreen/CDVViewController+SplashScreen.h"; sourceTree = "<group>"; fileEncoding = 4; lastKnownFileType = sourcecode.c.h; explicitFileType = undefined; includeInIndex = 0; };
		35B9B466E2994D8B90EE911A /* CDVStatusBar.m */ = {isa = PBXFileReference; name = "CDVStatusBar.m"; path = "cordova-plugin-statusbar/CDVStatusBar.m"; sourceTree = "<group>"; fileEncoding = 4; lastKnownFileType = sourcecode.c.objc; explicitFileType = undefined; includeInIndex = 0; };
		C31AA691D63947D2ABBAE34E /* CDVStatusBar.h */ = {isa = PBXFileReference; name = "CDVStatusBar.h"; path = "cordova-plugin-statusbar/CDVStatusBar.h"; sourceTree = "<group>"; fileEncoding = 4; lastKnownFileType = sourcecode.c.h; explicitFileType = undefined; includeInIndex = 0; };
		A12C459AE5ED4A07B91CB80D /* CDVVibration.m */ = {isa = PBXFileReference; name = "CDVVibration.m"; path = "cordova-plugin-vibration/CDVVibration.m"; sourceTree = "<group>"; fileEncoding = 4; lastKnownFileType = sourcecode.c.objc; explicitFileType = undefined; includeInIndex = 0; };
		ACA09BDC573345C0BCAF1097 /* CDVVibration.h */ = {isa = PBXFileReference; name = "CDVVibration.h"; path = "cordova-plugin-vibration/CDVVibration.h"; sourceTree = "<group>"; fileEncoding = 4; lastKnownFileType = sourcecode.c.h; explicitFileType = undefined; includeInIndex = 0; };
		ECD0BA58E5024C1D9692A574 /* CDVBarcodeScanner.mm */ = {isa = PBXFileReference; name = "CDVBarcodeScanner.mm"; path = "phonegap-plugin-barcodescanner/CDVBarcodeScanner.mm"; sourceTree = "<group>"; fileEncoding = undefined; lastKnownFileType = unknown; explicitFileType = undefined; includeInIndex = 0; };
		D4333652CAB2469DB9AA0BFD /* zxing-all-in-one.cpp */ = {isa = PBXFileReference; name = "zxing-all-in-one.cpp"; path = "phonegap-plugin-barcodescanner/zxing-all-in-one.cpp"; sourceTree = "<group>"; fileEncoding = undefined; lastKnownFileType = unknown; explicitFileType = undefined; includeInIndex = 0; };
		1564A81BD9B341E4B30DACCD /* zxing-all-in-one.h */ = {isa = PBXFileReference; name = "zxing-all-in-one.h"; path = "phonegap-plugin-barcodescanner/zxing-all-in-one.h"; sourceTree = "<group>"; fileEncoding = 4; lastKnownFileType = sourcecode.c.h; explicitFileType = undefined; includeInIndex = 0; };
		CF981D2E875544D692961C59 /* scannerOverlay.xib */ = {isa = PBXFileReference; name = "scannerOverlay.xib"; path = "scannerOverlay.xib"; sourceTree = "<group>"; fileEncoding = undefined; lastKnownFileType = file.xib; explicitFileType = undefined; includeInIndex = 0; };
		F7B120B96E9741248255D5EB /* CDVBarcodeScanner.bundle */ = {isa = PBXFileReference; name = "CDVBarcodeScanner.bundle"; path = "CDVBarcodeScanner.bundle"; sourceTree = "<group>"; fileEncoding = undefined; lastKnownFileType = wrapper.plug-in; explicitFileType = undefined; includeInIndex = 0; };
		93CF37C28B8F4EA7BA566ED0 /* libiconv.dylib */ = {isa = PBXFileReference; name = "libiconv.dylib"; path = "usr/lib/libiconv.dylib"; sourceTree = SDKROOT; fileEncoding = undefined; lastKnownFileType = compiled.mach-o.dylib; explicitFileType = undefined; includeInIndex = 0; };
		60955225967B4789ACEF55BA /* CoreVideo.framework */ = {isa = PBXFileReference; name = "CoreVideo.framework"; path = "System/Library/Frameworks/CoreVideo.framework"; sourceTree = SDKROOT; fileEncoding = undefined; lastKnownFileType = wrapper.framework; explicitFileType = undefined; includeInIndex = 0; };
		5B7999D9C3A44AA8ABD5E30F /* QuartzCore.framework */ = {isa = PBXFileReference; name = "QuartzCore.framework"; path = "System/Library/Frameworks/QuartzCore.framework"; sourceTree = SDKROOT; fileEncoding = undefined; lastKnownFileType = wrapper.framework; explicitFileType = undefined; includeInIndex = 0; };
		FCCF358EE1CF4960B4852095 /* CoreImage.framework */ = {isa = PBXFileReference; name = "CoreImage.framework"; path = "System/Library/Frameworks/CoreImage.framework"; sourceTree = SDKROOT; fileEncoding = undefined; lastKnownFileType = wrapper.framework; explicitFileType = undefined; includeInIndex = 0; };
/* End PBXFileReference section */

/* Begin PBXFrameworksBuildPhase section */
		1D60588F0D05DD3D006BFB54 /* Frameworks */ = {
			isa = PBXFrameworksBuildPhase;
			buildActionMask = 2147483647;
			files = (
				301BF552109A68D80062928A /* libCordova.a in Frameworks */,
				DEB63D0410DE4A86988BFCBA /* ImageIO.framework in Frameworks */,
				3481E9C42F5444A2A7217F56 /* CoreLocation.framework in Frameworks */,
				800FDB04B3824A228C163B69 /* AVFoundation.framework in Frameworks */,
				C4A6F6C73AF04B9682954044 /* AddressBook.framework in Frameworks */,
				AAE3EB3869DB498DA8030FF2 /* AddressBookUI.framework in Frameworks */,
				299B8E56559344C6AEC78EBD /* CoreMotion.framework in Frameworks */,
				5629170D11744A38AD25D593 /* AudioToolbox.framework in Frameworks */,
				62E674E8C718452AAA066AB5 /* SystemConfiguration.framework in Frameworks */,
				AFA45FD747C44F388D72D3A9 /* CoreTelephony.framework in Frameworks */,
				5DD80DF9DDE046B7B8E7227C /* libiconv.dylib in Frameworks */,
				E59B92120EFC46A0801FDD3C /* CoreVideo.framework in Frameworks */,
				F7BA0EA18B5A42AFA0F452A3 /* QuartzCore.framework in Frameworks */,
				D9AF0E644A7D44E28EA4A105 /* CoreImage.framework in Frameworks */,
			);
			runOnlyForDeploymentPostprocessing = 0;
		};
/* End PBXFrameworksBuildPhase section */

/* Begin PBXGroup section */
		080E96DDFE201D6D7F000001 /* Classes */ = {
			isa = PBXGroup;
			children = (
				302D95EE14D2391D003F00A1 /* MainViewController.h */,
				302D95EF14D2391D003F00A1 /* MainViewController.m */,
				302D95F014D2391D003F00A1 /* MainViewController.xib */,
				1D3623240D0F684500981E51 /* AppDelegate.h */,
				1D3623250D0F684500981E51 /* AppDelegate.m */,
			);
			name = Classes;
			path = "BotVest/Classes";
			sourceTree = SOURCE_ROOT;
		};
		19C28FACFE9D520D11CA2CBB /* Products */ = {
			isa = PBXGroup;
			children = (
				1D6058910D05DD3D006BFB54 /* BotVest.app */,
			);
			name = Products;
			sourceTree = "<group>";
		};
		29B97314FDCFA39411CA2CEA /* CustomTemplate */ = {
			isa = PBXGroup;
			children = (
				EB87FDF41871DAF40020F90C /* config.xml */,
				EB87FDF31871DA8E0020F90C /* www */,
				EB87FDF11871DA420020F90C /* Staging */,
				301BF52D109A57CC0062928A /* CordovaLib.xcodeproj */,
				080E96DDFE201D6D7F000001 /* Classes */,
				307C750510C5A3420062BCA9 /* Plugins */,
				29B97315FDCFA39411CA2CEA /* Other Sources */,
				29B97317FDCFA39411CA2CEA /* Resources */,
				29B97323FDCFA39411CA2CEA /* Frameworks */,
				19C28FACFE9D520D11CA2CBB /* Products */,
			);
			name = CustomTemplate;
			sourceTree = "<group>";
		};
		29B97315FDCFA39411CA2CEA /* Other Sources */ = {
			isa = PBXGroup;
			children = (
				32CA4F630368D1EE00C91783 /* BotVest-Prefix.pch */,
				29B97316FDCFA39411CA2CEA /* main.m */,
				ED33DF2A687741AEAF9F8254 /* Bridging-Header.h */,
			);
			name = "Other Sources";
			path = "BotVest";
			sourceTree = "<group>";
		};
		29B97317FDCFA39411CA2CEA /* Resources */ = {
			isa = PBXGroup;
			children = (
				0207DA571B56EA530066E2B4 /* Images.xcassets */,
				3047A50E1AB8057F00498E2A /* config */,
				8D1107310486CEB800E47090 /* BotVest-Info.plist */,
				0F7502F135194BE4B8469595 /* CDVNotification.bundle */,
				7FF813DAC9A84CF18E9B22C8 /* CDVCapture.bundle */,
				CF981D2E875544D692961C59 /* scannerOverlay.xib */,
				F7B120B96E9741248255D5EB /* CDVBarcodeScanner.bundle */,
			);
			name = Resources;
			path = "BotVest/Resources";
			sourceTree = "<group>";
		};
		29B97323FDCFA39411CA2CEA /* Frameworks */ = {
			isa = PBXGroup;
			children = (
				84BFA7BF79A740AC98AFF55B /* ImageIO.framework */,
				028E1F6226684359BD5BBEA4 /* CoreLocation.framework */,
				DF125EFC74AB4B53A9D05942 /* AVFoundation.framework */,
				861CAD48C7FD427CA7DA2AF6 /* AddressBook.framework */,
				70B7104C176B4C51965268E3 /* AddressBookUI.framework */,
				1C8DF47CC0794D9DA3AD6617 /* CoreMotion.framework */,
				2A1623528783443AA6F86ECC /* AudioToolbox.framework */,
				EAAA207DC3D94936816FD9EE /* SystemConfiguration.framework */,
				9CFAE665BFA741A7BDD3E5B6 /* CoreTelephony.framework */,
				93CF37C28B8F4EA7BA566ED0 /* libiconv.dylib */,
				60955225967B4789ACEF55BA /* CoreVideo.framework */,
				5B7999D9C3A44AA8ABD5E30F /* QuartzCore.framework */,
				FCCF358EE1CF4960B4852095 /* CoreImage.framework */,
			);
			name = Frameworks;
			sourceTree = "<group>";
		};
		301BF52E109A57CC0062928A /* Products */ = {
			isa = PBXGroup;
			children = (
				301BF535109A57CC0062928A /* libCordova.a */,
			);
			name = Products;
			sourceTree = "<group>";
		};
		3047A50E1AB8057F00498E2A /* config */ = {
			isa = PBXGroup;
			children = (
				3047A50F1AB8059700498E2A /* build-debug.xcconfig */,
				3047A5101AB8059700498E2A /* build-release.xcconfig */,
				3047A5111AB8059700498E2A /* build.xcconfig */,
			);
			name = config;
			sourceTree = "<group>";
		};
		307C750510C5A3420062BCA9 /* Plugins */ = {
			isa = PBXGroup;
			children = (
				B3AA2F16BD0842E09FD549A2 /* CDVBattery.m */,
				3EB7BF7C417348DDB17B261D /* CDVBattery.h */,
				0059A2BE5CC54D8EAE5DCD09 /* UIImage+CropScaleOrientation.m */,
				D51D9056D7F046F58FA152B7 /* CDVCamera.m */,
				F3340C33E0534138BCE3D270 /* CDVJpegHeaderWriter.m */,
				B91F8699112F4B36B87761C3 /* UIImage+CropScaleOrientation.h */,
				CEAC353F6A0C4BB485ABFC31 /* CDVCamera.h */,
				1F2A78828D0A4B3F9C4370E1 /* CDVJpegHeaderWriter.h */,
				CC1C626595344D2DB277201C /* CDVExif.h */,
				397B87C6FF814C58A3E254E5 /* CDVLogger.m */,
				CD6A7B36AF084748B3DCB157 /* CDVLogger.h */,
				88BAB5D7051D4531B92A4C1D /* CDVContacts.m */,
				7E101D79551F46DDB301511B /* CDVContact.m */,
				390C48A513FF49B2B1889824 /* CDVContacts.h */,
				3A2198D4B5EF4B8EADD286B1 /* CDVContact.h */,
				2EB379A53C80477FBD647993 /* CDVDevice.m */,
				6FF6C4AD6ED34AEE83D934C1 /* CDVDevice.h */,
				9824D8803A9D4DCC87C59281 /* CDVAccelerometer.m */,
				6938C77772A24FC298AC6512 /* CDVAccelerometer.h */,
				322A6A61B4134D4FBFEBCA96 /* CDVCompass.m */,
				7C2DE1251EA148DAA94AEF5E /* CDVCompass.h */,
				D1EEFD8A009D4A6EB6657428 /* CDVNotification.m */,
				F2AA76B274CF4C85A5C1825B /* CDVNotification.h */,
				2195CFAFF3A943099F2BAE6D /* CDVFile.m */,
				68D7616B7D9D4D99A4A8FB9E /* CDVLocalFilesystem.m */,
				90A2BCACBF2F41169C4CDFC5 /* CDVAssetLibraryFilesystem.m */,
				C209AF8BD29549828E560E32 /* CDVFile.h */,
				C4AA3F8CC2B9485BA2A31FAA /* CDVLocalFilesystem.h */,
				7D6166CFCBE04534A651376F /* CDVAssetLibraryFilesystem.h */,
				C10BA1B5C450416D81E41FFB /* CDVFileTransfer.m */,
				F17E869E79454AC1A426E604 /* CDVFileTransfer.h */,
				381BE20496904B429D4A7F8F /* CDVLocation.m */,
				42D39CD5F1EC4E8C87B5BFD1 /* CDVLocation.h */,
				3B007A5B005B466F895B4A9D /* CDVGlobalization.m */,
				A0C654A183064E808CB6B936 /* CDVGlobalization.h */,
				ACF11DA8F91F4C65B72BEB67 /* CDVInAppBrowser.m */,
				A4B45C08A4084E9E82C01CBD /* CDVInAppBrowser.h */,
				2CF1FA62745F4AB29EEF0D70 /* CDVSound.m */,
				BDA6A41358294837A602ADBB /* CDVSound.h */,
				6CD59FC56D7143D0806B2245 /* CDVCapture.m */,
				66A3D75F63924228A915D1D7 /* CDVCapture.h */,
				7907DBAE7FD24D7C8306F1A2 /* CDVConnection.m */,
				8D19AF38E6C848A7A805AE4B /* CDVReachability.m */,
				6049FA040312468CADA4F571 /* CDVConnection.h */,
				2717F5DEDCCA459382291A45 /* CDVReachability.h */,
				07FFEA188C7A477F91862344 /* CDVSplashScreen.m */,
				C8458D65BC4A4BFFB4C7095E /* CDVViewController+SplashScreen.m */,
				5735C950283B4DDE9395AB2A /* CDVSplashScreen.h */,
				630283ADC8A74FE8B91BB5C7 /* CDVViewController+SplashScreen.h */,
				35B9B466E2994D8B90EE911A /* CDVStatusBar.m */,
				C31AA691D63947D2ABBAE34E /* CDVStatusBar.h */,
				A12C459AE5ED4A07B91CB80D /* CDVVibration.m */,
				ACA09BDC573345C0BCAF1097 /* CDVVibration.h */,
				ECD0BA58E5024C1D9692A574 /* CDVBarcodeScanner.mm */,
				D4333652CAB2469DB9AA0BFD /* zxing-all-in-one.cpp */,
				1564A81BD9B341E4B30DACCD /* zxing-all-in-one.h */,
			);
			name = Plugins;
			path = "BotVest/Plugins";
			sourceTree = SOURCE_ROOT;
		};
		EB87FDF11871DA420020F90C /* Staging */ = {
			isa = PBXGroup;
			children = (
				F840E1F0165FE0F500CFE078 /* config.xml */,
				301BF56E109A69640062928A /* www */,
			);
			name = Staging;
			sourceTree = "<group>";
		};
/* End PBXGroup section */

/* Begin PBXNativeTarget section */
		1D6058900D05DD3D006BFB54 /* BotVest */ = {
			isa = PBXNativeTarget;
			buildConfigurationList = 1D6058960D05DD3E006BFB54 /* Build configuration list for PBXNativeTarget "BotVest" */;
			buildPhases = (
				304B58A110DAC018002A0835 /* Copy www directory */,
				1D60588D0D05DD3D006BFB54 /* Resources */,
				1D60588E0D05DD3D006BFB54 /* Sources */,
				1D60588F0D05DD3D006BFB54 /* Frameworks */,
			);
			buildRules = (
			);
			dependencies = (
				301BF551109A68C00062928A /* PBXTargetDependency */,
			);
			name = "BotVest";
			productName = "BotVest";
			productReference = 1D6058910D05DD3D006BFB54 /* BotVest.app */;
			productType = "com.apple.product-type.application";
		};
/* End PBXNativeTarget section */

/* Begin PBXProject section */
		29B97313FDCFA39411CA2CEA /* Project object */ = {
			isa = PBXProject;
			attributes = {
				LastUpgradeCheck = 510;
			};
			buildConfigurationList = C01FCF4E08A954540054247B /* Build configuration list for PBXProject "__NON-CLI__" */;
			compatibilityVersion = "Xcode 3.2";
			developmentRegion = English;
			hasScannedForEncodings = 1;
			mainGroup = 29B97314FDCFA39411CA2CEA /* CustomTemplate */;
			projectDirPath = "";
			projectReferences = (
				{
					ProductGroup = 301BF52E109A57CC0062928A /* Products */;
					ProjectRef = 301BF52D109A57CC0062928A /* CordovaLib.xcodeproj */;
				},
			);
			projectRoot = "";
			targets = (
				1D6058900D05DD3D006BFB54 /* BotVest */,
			);
		};
/* End PBXProject section */

/* Begin PBXReferenceProxy section */
		301BF535109A57CC0062928A /* libCordova.a */ = {
			isa = PBXReferenceProxy;
			fileType = archive.ar;
			path = libCordova.a;
			remoteRef = 301BF534109A57CC0062928A /* PBXContainerItemProxy */;
			sourceTree = BUILT_PRODUCTS_DIR;
		};
/* End PBXReferenceProxy section */

/* Begin PBXResourcesBuildPhase section */
		1D60588D0D05DD3D006BFB54 /* Resources */ = {
			isa = PBXResourcesBuildPhase;
			buildActionMask = 2147483647;
			files = (
				302D95F214D2391D003F00A1 /* MainViewController.xib in Resources */,
				3047A5131AB8059700498E2A /* build-release.xcconfig in Resources */,
				3047A5141AB8059700498E2A /* build.xcconfig in Resources */,
				0207DA581B56EA530066E2B4 /* Images.xcassets in Resources */,
				3047A5121AB8059700498E2A /* build-debug.xcconfig in Resources */,
				9168A51810054FD8AA92B15A /* CDVNotification.bundle in Resources */,
				3E17827B7F50491581874442 /* CDVCapture.bundle in Resources */,
				5CB80445F4D947CC8837F722 /* scannerOverlay.xib in Resources */,
				7B2A4CDB7C2F48C2B593BD3C /* CDVBarcodeScanner.bundle in Resources */,
			);
			runOnlyForDeploymentPostprocessing = 0;
		};
/* End PBXResourcesBuildPhase section */

/* Begin PBXShellScriptBuildPhase section */
		304B58A110DAC018002A0835 /* Copy www directory */ = {
			isa = PBXShellScriptBuildPhase;
			buildActionMask = 2147483647;
			files = (
			);
			inputPaths = (
			);
			name = "Copy www directory";
			outputPaths = (
			);
			runOnlyForDeploymentPostprocessing = 0;
			shellPath = /bin/sh;
			shellScript = "NODEJS_PATH=/usr/local/bin; NVM_NODE_PATH=~/.nvm/versions/node/`nvm version 2>/dev/null`/bin; N_NODE_PATH=`find /usr/local/n/versions/node/* -maxdepth 0 -type d 2>/dev/null | tail -1`/bin; XCODE_NODE_PATH=`xcode-select --print-path`/usr/share/xcs/Node/bin; PATH=$NODEJS_PATH:$NVM_NODE_PATH:$N_NODE_PATH:$XCODE_NODE_PATH:$PATH && node cordova/lib/copy-www-build-step.js";
			showEnvVarsInLog = 0;
		};
/* End PBXShellScriptBuildPhase section */

/* Begin PBXSourcesBuildPhase section */
		1D60588E0D05DD3D006BFB54 /* Sources */ = {
			isa = PBXSourcesBuildPhase;
			buildActionMask = 2147483647;
			files = (
				1D60589B0D05DD56006BFB54 /* main.m in Sources */,
				1D3623260D0F684500981E51 /* AppDelegate.m in Sources */,
				302D95F114D2391D003F00A1 /* MainViewController.m in Sources */,
				940CBC9962A847558F0FAA3B /* CDVBattery.m in Sources */,
				DF8E8C952EEF44A2A9AA696D /* UIImage+CropScaleOrientation.m in Sources */,
				92AD2EA83F784014A80FBFA1 /* CDVCamera.m in Sources */,
				B4D84B02D37D4805A28B4E49 /* CDVJpegHeaderWriter.m in Sources */,
				2E6A24073D3546418E96F669 /* CDVLogger.m in Sources */,
				7C6ED3ED179940BF96CCF127 /* CDVContacts.m in Sources */,
				453465037DA9435CBF62F4B5 /* CDVContact.m in Sources */,
				1435B53A67F546CAB73EDD90 /* CDVDevice.m in Sources */,
				E15FBD5B8F5743ACBABBB6CE /* CDVAccelerometer.m in Sources */,
				A5865808D3A440DA8512F376 /* CDVCompass.m in Sources */,
				25428DFDBBF5453B91A1C447 /* CDVNotification.m in Sources */,
				A26453F51B284CDC9BC12166 /* CDVFile.m in Sources */,
				6E886766BB504BBAAE199F9F /* CDVLocalFilesystem.m in Sources */,
				7A7B23C107BA4C62AD863B1A /* CDVAssetLibraryFilesystem.m in Sources */,
				92A97407D2C7415389672B5A /* CDVFileTransfer.m in Sources */,
				302EE1405072456F82FAE282 /* CDVLocation.m in Sources */,
				1271F51B89454C3EA4C892ED /* CDVGlobalization.m in Sources */,
				CD6333123325405586564493 /* CDVInAppBrowser.m in Sources */,
				89E2E2778A114B3D9C832762 /* CDVSound.m in Sources */,
				F3CA0D2FFD2B47669F140286 /* CDVCapture.m in Sources */,
				67B590357ECE40E8B8FF8A48 /* CDVConnection.m in Sources */,
				B53F80EBC3634FC99486EB15 /* CDVReachability.m in Sources */,
				459A8C7B2D9E4FCC9837E185 /* CDVSplashScreen.m in Sources */,
				7F1432B5D1D44E0F87168A47 /* CDVViewController+SplashScreen.m in Sources */,
				F6D4561B246C4329B24D84D7 /* CDVStatusBar.m in Sources */,
				C22CD4171F104158959D1BC4 /* CDVVibration.m in Sources */,
				10D61AD1DDC5494393EC6E4A /* CDVBarcodeScanner.mm in Resources */,
				7FCDEE392101437DA684854D /* zxing-all-in-one.cpp in Resources */,
			);
			runOnlyForDeploymentPostprocessing = 0;
		};
/* End PBXSourcesBuildPhase section */

/* Begin PBXTargetDependency section */
		301BF551109A68C00062928A /* PBXTargetDependency */ = {
			isa = PBXTargetDependency;
			name = CordovaLib;
			targetProxy = 301BF550109A68C00062928A /* PBXContainerItemProxy */;
		};
/* End PBXTargetDependency section */

/* Begin XCBuildConfiguration section */
		1D6058940D05DD3E006BFB54 /* Debug */ = {
			isa = XCBuildConfiguration;
			baseConfigurationReference = 3047A50F1AB8059700498E2A /* build-debug.xcconfig */;
			buildSettings = {
				ALWAYS_SEARCH_USER_PATHS = NO;
				ASSETCATALOG_COMPILER_APPICON_NAME = AppIcon;
				ASSETCATALOG_COMPILER_LAUNCHIMAGE_NAME = LaunchImage;
				CLANG_ENABLE_MODULES = YES;
				CLANG_ENABLE_OBJC_ARC = YES;
				COPY_PHASE_STRIP = NO;
				GCC_DYNAMIC_NO_PIC = NO;
				GCC_OPTIMIZATION_LEVEL = 0;
				GCC_PRECOMPILE_PREFIX_HEADER = YES;
				GCC_PREFIX_HEADER = "BotVest/BotVest-Prefix.pch";
				GCC_THUMB_SUPPORT = NO;
				GCC_VERSION = "";
				INFOPLIST_FILE = "BotVest/BotVest-Info.plist";
				LD_RUNPATH_SEARCH_PATHS = "@executable_path/Frameworks";
				PRODUCT_NAME = "BotVest";
			};
			name = Debug;
		};
		1D6058950D05DD3E006BFB54 /* Release */ = {
			isa = XCBuildConfiguration;
			baseConfigurationReference = 3047A5101AB8059700498E2A /* build-release.xcconfig */;
			buildSettings = {
				ALWAYS_SEARCH_USER_PATHS = NO;
				ASSETCATALOG_COMPILER_APPICON_NAME = AppIcon;
				ASSETCATALOG_COMPILER_LAUNCHIMAGE_NAME = LaunchImage;
				CLANG_ENABLE_MODULES = YES;
				CLANG_ENABLE_OBJC_ARC = YES;
				COPY_PHASE_STRIP = YES;
				GCC_PRECOMPILE_PREFIX_HEADER = YES;
				GCC_PREFIX_HEADER = "BotVest/BotVest-Prefix.pch";
				GCC_THUMB_SUPPORT = NO;
				GCC_VERSION = "";
				INFOPLIST_FILE = "BotVest/BotVest-Info.plist";
				PRODUCT_NAME = "BotVest";
			};
			name = Release;
		};
		C01FCF4F08A954540054247B /* Debug */ = {
			isa = XCBuildConfiguration;
			baseConfigurationReference = 3047A5111AB8059700498E2A /* build.xcconfig */;
			buildSettings = {
				CLANG_ENABLE_MODULES = YES;
				CLANG_ENABLE_OBJC_ARC = YES;
				CLANG_WARN_BOOL_CONVERSION = YES;
				CLANG_WARN_CONSTANT_CONVERSION = YES;
				CLANG_WARN_EMPTY_BODY = YES;
				CLANG_WARN_ENUM_CONVERSION = YES;
				CLANG_WARN_INT_CONVERSION = YES;
				CLANG_WARN__DUPLICATE_METHOD_MATCH = YES;
				GCC_C_LANGUAGE_STANDARD = c99;
				GCC_THUMB_SUPPORT = NO;
				GCC_VERSION = "";
				GCC_WARN_ABOUT_RETURN_TYPE = YES;
				GCC_WARN_UNDECLARED_SELECTOR = YES;
				GCC_WARN_UNINITIALIZED_AUTOS = YES;
				GCC_WARN_UNUSED_FUNCTION = YES;
				GCC_WARN_UNUSED_VARIABLE = YES;
				ONLY_ACTIVE_ARCH = YES;
				SDKROOT = iphoneos;
				SKIP_INSTALL = NO;
			};
			name = Debug;
		};
		C01FCF5008A954540054247B /* Release */ = {
			isa = XCBuildConfiguration;
			baseConfigurationReference = 3047A5111AB8059700498E2A /* build.xcconfig */;
			buildSettings = {
				CLANG_ENABLE_MODULES = YES;
				CLANG_ENABLE_OBJC_ARC = YES;
				CLANG_WARN_BOOL_CONVERSION = YES;
				CLANG_WARN_CONSTANT_CONVERSION = YES;
				CLANG_WARN_EMPTY_BODY = YES;
				CLANG_WARN_ENUM_CONVERSION = YES;
				CLANG_WARN_INT_CONVERSION = YES;
				CLANG_WARN__DUPLICATE_METHOD_MATCH = YES;
				GCC_C_LANGUAGE_STANDARD = c99;
				GCC_THUMB_SUPPORT = NO;
				GCC_VERSION = "";
				GCC_WARN_ABOUT_RETURN_TYPE = YES;
				GCC_WARN_UNDECLARED_SELECTOR = YES;
				GCC_WARN_UNINITIALIZED_AUTOS = YES;
				GCC_WARN_UNUSED_FUNCTION = YES;
				GCC_WARN_UNUSED_VARIABLE = YES;
				SDKROOT = iphoneos;
				SKIP_INSTALL = NO;
			};
			name = Release;
		};
/* End XCBuildConfiguration section */

/* Begin XCConfigurationList section */
		1D6058960D05DD3E006BFB54 /* Build configuration list for PBXNativeTarget "BotVest" */ = {
			isa = XCConfigurationList;
			buildConfigurations = (
				1D6058940D05DD3E006BFB54 /* Debug */,
				1D6058950D05DD3E006BFB54 /* Release */,
			);
			defaultConfigurationIsVisible = 0;
			defaultConfigurationName = Release;
		};
		C01FCF4E08A954540054247B /* Build configuration list for PBXProject "__NON-CLI__" */ = {
			isa = XCConfigurationList;
			buildConfigurations = (
				C01FCF4F08A954540054247B /* Debug */,
				C01FCF5008A954540054247B /* Release */,
			);
			defaultConfigurationIsVisible = 0;
			defaultConfigurationName = Release;
		};
/* End XCConfigurationList section */
	};
	rootObject = 29B97313FDCFA39411CA2CEA /* Project object */;
}
